
Microsoft Visual Studio Solution File, Format Version 12.00
# Visual Studio Version 17
VisualStudioVersion = 17.4.33205.214
MinimumVisualStudioVersion = 10.0.40219.1
Project("{9A19103F-16F7-4668-BE54-9A1E7A4F7556}") = "WorkWithFiles.Task1", "WorkWithFiles.Task1\WorkWithFiles.Task1.csproj", "{FB383DFF-8B05-46CC-B501-9FCC440B844B}"
EndProject
Project("{9A19103F-16F7-4668-BE54-9A1E7A4F7556}") = "WorkWithFiles.Task2", "WorkWithFiles.Task2\WorkWithFiles.Task2.csproj", "{8A0AC36E-0DB6-4EF3-90B1-FBBFF96CABAF}"
EndProject
Project("{9A19103F-16F7-4668-BE54-9A1E7A4F7556}") = "WorkWithFiles.Task3", "WorkWithFiles.Task3\WorkWithFiles.Task3.csproj", "{CAF52A12-ACBC-476A-BA48-7300C6326C37}"
EndProject
Project("{FAE04EC0-301F-11D3-BF4B-00C04F79EFBC}") = "WorkWithFiles.Task4", "WorkWithFiles.Task4\WorkWithFiles.Task4.csproj", "{8EF382CB-32E0-432A-9A02-668B3F532A69}"
EndProject
Global
	GlobalSection(SolutionConfigurationPlatforms) = preSolution
		Debug|Any CPU = Debug|Any CPU
		Release|Any CPU = Release|Any CPU
	EndGlobalSection
	GlobalSection(ProjectConfigurationPlatforms) = postSolution
		{FB383DFF-8B05-46CC-B501-9FCC440B844B}.Debug|Any CPU.ActiveCfg = Debug|Any CPU
		{FB383DFF-8B05-46CC-B501-9FCC440B844B}.Debug|Any CPU.Build.0 = Debug|Any CPU
		{FB383DFF-8B05-46CC-B501-9FCC440B844B}.Release|Any CPU.ActiveCfg = Release|Any CPU
		{FB383DFF-8B05-46CC-B501-9FCC440B844B}.Release|Any CPU.Build.0 = Release|Any CPU
		{8A0AC36E-0DB6-4EF3-90B1-FBBFF96CABAF}.Debug|Any CPU.ActiveCfg = Debug|Any CPU
		{8A0AC36E-0DB6-4EF3-90B1-FBBFF96CABAF}.Debug|Any CPU.Build.0 = Debug|Any CPU
		{8A0AC36E-0DB6-4EF3-90B1-FBBFF96CABAF}.Release|Any CPU.ActiveCfg = Release|Any CPU
		{8A0AC36E-0DB6-4EF3-90B1-FBBFF96CABAF}.Release|Any CPU.Build.0 = Release|Any CPU
		{CAF52A12-ACBC-476A-BA48-7300C6326C37}.Debug|Any CPU.ActiveCfg = Debug|Any CPU
		{CAF52A12-ACBC-476A-BA48-7300C6326C37}.Debug|Any CPU.Build.0 = Debug|Any CPU
		{CAF52A12-ACBC-476A-BA48-7300C6326C37}.Release|Any CPU.ActiveCfg = Release|Any CPU
		{CAF52A12-ACBC-476A-BA48-7300C6326C37}.Release|Any CPU.Build.0 = Release|Any CPU
		{8EF382CB-32E0-432A-9A02-668B3F532A69}.Debug|Any CPU.ActiveCfg = Debug|Any CPU
		{8EF382CB-32E0-432A-9A02-668B3F532A69}.Debug|Any CPU.Build.0 = Debug|Any CPU
		{8EF382CB-32E0-432A-9A02-668B3F532A69}.Release|Any CPU.ActiveCfg = Release|Any CPU
		{8EF382CB-32E0-432A-9A02-668B3F532A69}.Release|Any CPU.Build.0 = Release|Any CPU
	EndGlobalSection
	GlobalSection(SolutionProperties) = preSolution
		HideSolutionNode = FALSE
	EndGlobalSection
	GlobalSection(ExtensibilityGlobals) = postSolution
		SolutionGuid = {55636EBE-097E-4FC9-97E4-B46D307A80E4}
	EndGlobalSection
EndGlobal
